
Microsoft Visual Studio Solution File, Format Version 12.00
Project("{FAE04EC0-301F-11D3-BF4B-00C04F79EFBC}") = "NServiceBus.SagaDataMigrator", "NServiceBus.SagaDataMigrator\NServiceBus.SagaDataMigrator.csproj", "{CBA26922-7AFA-4D08-9EC6-87F9C40DF1F8}"
EndProject
Global
	GlobalSection(SolutionConfigurationPlatforms) = preSolution
		Debug|Any CPU = Debug|Any CPU
		Release|Any CPU = Release|Any CPU
	EndGlobalSection
	GlobalSection(ProjectConfigurationPlatforms) = postSolution
		{CBA26922-7AFA-4D08-9EC6-87F9C40DF1F8}.Debug|Any CPU.ActiveCfg = Debug|Any CPU
		{CBA26922-7AFA-4D08-9EC6-87F9C40DF1F8}.Debug|Any CPU.Build.0 = Debug|Any CPU
		{CBA26922-7AFA-4D08-9EC6-87F9C40DF1F8}.Release|Any CPU.ActiveCfg = Release|Any CPU
		{CBA26922-7AFA-4D08-9EC6-87F9C40DF1F8}.Release|Any CPU.Build.0 = Release|Any CPU
	EndGlobalSection
EndGlobal
